// !$*UTF8*$!
{
	archiveVersion = 1;
	classes = {
	};
	objectVersion = 50;
	objects = {

/* Begin PBXBuildFile section */
		4D1405BE24CEDEA300444DA6 /* UIButtonExt.swift in Sources */ = {isa = PBXBuildFile; fileRef = 4D1405BD24CEDEA300444DA6 /* UIButtonExt.swift */; };
		4D1405C024CEEBF700444DA6 /* FinishGoalVC.swift in Sources */ = {isa = PBXBuildFile; fileRef = 4D1405BF24CEEBF700444DA6 /* FinishGoalVC.swift */; };
		4D3FC0F424CD8883009B631D /* CreateGoalVC.swift in Sources */ = {isa = PBXBuildFile; fileRef = 4D3FC0F324CD8883009B631D /* CreateGoalVC.swift */; };
		4D6A4A6724CC1CC000A87ADB /* AppDelegate.swift in Sources */ = {isa = PBXBuildFile; fileRef = 4D6A4A6624CC1CC000A87ADB /* AppDelegate.swift */; };
		4D6A4A6924CC1CC000A87ADB /* SceneDelegate.swift in Sources */ = {isa = PBXBuildFile; fileRef = 4D6A4A6824CC1CC000A87ADB /* SceneDelegate.swift */; };
		4D6A4A6B24CC1CC000A87ADB /* GoalsVC.swift in Sources */ = {isa = PBXBuildFile; fileRef = 4D6A4A6A24CC1CC000A87ADB /* GoalsVC.swift */; };
		4D6A4A6E24CC1CC000A87ADB /* Main.storyboard in Resources */ = {isa = PBXBuildFile; fileRef = 4D6A4A6C24CC1CC000A87ADB /* Main.storyboard */; };
		4D6A4A7124CC1CC100A87ADB /* GoalPost.xcdatamodeld in Sources */ = {isa = PBXBuildFile; fileRef = 4D6A4A6F24CC1CC100A87ADB /* GoalPost.xcdatamodeld */; };
		4D6A4A7324CC1CC200A87ADB /* Assets.xcassets in Resources */ = {isa = PBXBuildFile; fileRef = 4D6A4A7224CC1CC200A87ADB /* Assets.xcassets */; };
		4D6A4A7624CC1CC200A87ADB /* LaunchScreen.storyboard in Resources */ = {isa = PBXBuildFile; fileRef = 4D6A4A7424CC1CC200A87ADB /* LaunchScreen.storyboard */; };
		4D6A4A8324CC2EB300A87ADB /* GoalCell.swift in Sources */ = {isa = PBXBuildFile; fileRef = 4D6A4A8224CC2EB300A87ADB /* GoalCell.swift */; };
		4D6A4A8524CC485600A87ADB /* GoalType.swift in Sources */ = {isa = PBXBuildFile; fileRef = 4D6A4A8424CC485600A87ADB /* GoalType.swift */; };
/* End PBXBuildFile section */

/* Begin PBXFileReference section */
		4D1405BD24CEDEA300444DA6 /* UIButtonExt.swift */ = {isa = PBXFileReference; lastKnownFileType = sourcecode.swift; path = UIButtonExt.swift; sourceTree = "<group>"; };
		4D1405BF24CEEBF700444DA6 /* FinishGoalVC.swift */ = {isa = PBXFileReference; lastKnownFileType = sourcecode.swift; path = FinishGoalVC.swift; sourceTree = "<group>"; };
		4D3FC0F324CD8883009B631D /* CreateGoalVC.swift */ = {isa = PBXFileReference; lastKnownFileType = sourcecode.swift; path = CreateGoalVC.swift; sourceTree = "<group>"; };
		4D6A412C24D1752F005BD2F3 /* GoalPost.entitlements */ = {isa = PBXFileReference; lastKnownFileType = text.plist.entitlements; path = GoalPost.entitlements; sourceTree = "<group>"; };
		4D6A4A6324CC1CC000A87ADB /* GoalPost.app */ = {isa = PBXFileReference; explicitFileType = wrapper.application; includeInIndex = 0; path = GoalPost.app; sourceTree = BUILT_PRODUCTS_DIR; };
		4D6A4A6624CC1CC000A87ADB /* AppDelegate.swift */ = {isa = PBXFileReference; lastKnownFileType = sourcecode.swift; path = AppDelegate.swift; sourceTree = "<group>"; };
		4D6A4A6824CC1CC000A87ADB /* SceneDelegate.swift */ = {isa = PBXFileReference; lastKnownFileType = sourcecode.swift; path = SceneDelegate.swift; sourceTree = "<group>"; };
		4D6A4A6A24CC1CC000A87ADB /* GoalsVC.swift */ = {isa = PBXFileReference; lastKnownFileType = sourcecode.swift; path = GoalsVC.swift; sourceTree = "<group>"; };
		4D6A4A6D24CC1CC000A87ADB /* Base */ = {isa = PBXFileReference; lastKnownFileType = file.storyboard; name = Base; path = Base.lproj/Main.storyboard; sourceTree = "<group>"; };
		4D6A4A7024CC1CC100A87ADB /* GoalPost.xcdatamodel */ = {isa = PBXFileReference; lastKnownFileType = wrapper.xcdatamodel; path = GoalPost.xcdatamodel; sourceTree = "<group>"; };
		4D6A4A7224CC1CC200A87ADB /* Assets.xcassets */ = {isa = PBXFileReference; lastKnownFileType = folder.assetcatalog; path = Assets.xcassets; sourceTree = "<group>"; };
		4D6A4A7524CC1CC200A87ADB /* Base */ = {isa = PBXFileReference; lastKnownFileType = file.storyboard; name = Base; path = Base.lproj/LaunchScreen.storyboard; sourceTree = "<group>"; };
		4D6A4A7724CC1CC200A87ADB /* Info.plist */ = {isa = PBXFileReference; lastKnownFileType = text.plist.xml; path = Info.plist; sourceTree = "<group>"; };
		4D6A4A8224CC2EB300A87ADB /* GoalCell.swift */ = {isa = PBXFileReference; lastKnownFileType = sourcecode.swift; path = GoalCell.swift; sourceTree = "<group>"; };
		4D6A4A8424CC485600A87ADB /* GoalType.swift */ = {isa = PBXFileReference; lastKnownFileType = sourcecode.swift; path = GoalType.swift; sourceTree = "<group>"; };
/* End PBXFileReference section */

/* Begin PBXFrameworksBuildPhase section */
		4D6A4A6024CC1CC000A87ADB /* Frameworks */ = {
			isa = PBXFrameworksBuildPhase;
			buildActionMask = 2147483647;
			files = (
			);
			runOnlyForDeploymentPostprocessing = 0;
		};
/* End PBXFrameworksBuildPhase section */

/* Begin PBXGroup section */
		4D6A4A5A24CC1CC000A87ADB = {
			isa = PBXGroup;
			children = (
				4D6A4A6524CC1CC000A87ADB /* GoalPost */,
				4D6A4A6424CC1CC000A87ADB /* Products */,
			);
			sourceTree = "<group>";
		};
		4D6A4A6424CC1CC000A87ADB /* Products */ = {
			isa = PBXGroup;
			children = (
				4D6A4A6324CC1CC000A87ADB /* GoalPost.app */,
			);
			name = Products;
			sourceTree = "<group>";
		};
		4D6A4A6524CC1CC000A87ADB /* GoalPost */ = {
			isa = PBXGroup;
			children = (
				4D6A412C24D1752F005BD2F3 /* GoalPost.entitlements */,
				4D6A4A6624CC1CC000A87ADB /* AppDelegate.swift */,
				4D6A4A6824CC1CC000A87ADB /* SceneDelegate.swift */,
				4D6A4A8124CC1DF500A87ADB /* Extention */,
				4D6A4A8024CC1DEE00A87ADB /* Enums */,
				4D6A4A7E24CC1CE200A87ADB /* View */,
				4D6A4A7D24CC1CD900A87ADB /* Controller */,
				4D6A4A6C24CC1CC000A87ADB /* Main.storyboard */,
				4D6A4A7224CC1CC200A87ADB /* Assets.xcassets */,
				4D6A4A7424CC1CC200A87ADB /* LaunchScreen.storyboard */,
				4D6A4A7724CC1CC200A87ADB /* Info.plist */,
				4D6A4A6F24CC1CC100A87ADB /* GoalPost.xcdatamodeld */,
			);
			path = GoalPost;
			sourceTree = "<group>";
		};
		4D6A4A7D24CC1CD900A87ADB /* Controller */ = {
			isa = PBXGroup;
			children = (
				4D6A4A6A24CC1CC000A87ADB /* GoalsVC.swift */,
				4D3FC0F324CD8883009B631D /* CreateGoalVC.swift */,
				4D1405BF24CEEBF700444DA6 /* FinishGoalVC.swift */,
			);
			path = Controller;
			sourceTree = "<group>";
		};
		4D6A4A7E24CC1CE200A87ADB /* View */ = {
			isa = PBXGroup;
			children = (
				4D6A4A8224CC2EB300A87ADB /* GoalCell.swift */,
			);
			path = View;
			sourceTree = "<group>";
		};
		4D6A4A8024CC1DEE00A87ADB /* Enums */ = {
			isa = PBXGroup;
			children = (
				4D6A4A8424CC485600A87ADB /* GoalType.swift */,
			);
			path = Enums;
			sourceTree = "<group>";
		};
		4D6A4A8124CC1DF500A87ADB /* Extention */ = {
			isa = PBXGroup;
			children = (
				4D1405BD24CEDEA300444DA6 /* UIButtonExt.swift */,
			);
			path = Extention;
			sourceTree = "<group>";
		};
/* End PBXGroup section */

/* Begin PBXNativeTarget section */
		4D6A4A6224CC1CC000A87ADB /* GoalPost */ = {
			isa = PBXNativeTarget;
			buildConfigurationList = 4D6A4A7A24CC1CC200A87ADB /* Build configuration list for PBXNativeTarget "GoalPost" */;
			buildPhases = (
				4D6A4A5F24CC1CC000A87ADB /* Sources */,
				4D6A4A6024CC1CC000A87ADB /* Frameworks */,
				4D6A4A6124CC1CC000A87ADB /* Resources */,
			);
			buildRules = (
			);
			dependencies = (
			);
			name = GoalPost;
			productName = GoalPost;
			productReference = 4D6A4A6324CC1CC000A87ADB /* GoalPost.app */;
			productType = "com.apple.product-type.application";
		};
/* End PBXNativeTarget section */

/* Begin PBXProject section */
		4D6A4A5B24CC1CC000A87ADB /* Project object */ = {
			isa = PBXProject;
			attributes = {
				LastSwiftUpdateCheck = 1200;
				LastUpgradeCheck = 1200;
				TargetAttributes = {
					4D6A4A6224CC1CC000A87ADB = {
						CreatedOnToolsVersion = 12.0;
					};
				};
			};
			buildConfigurationList = 4D6A4A5E24CC1CC000A87ADB /* Build configuration list for PBXProject "GoalPost" */;
			compatibilityVersion = "Xcode 9.3";
			developmentRegion = en;
			hasScannedForEncodings = 0;
			knownRegions = (
				en,
				Base,
			);
			mainGroup = 4D6A4A5A24CC1CC000A87ADB;
			productRefGroup = 4D6A4A6424CC1CC000A87ADB /* Products */;
			projectDirPath = "";
			projectRoot = "";
			targets = (
				4D6A4A6224CC1CC000A87ADB /* GoalPost */,
			);
		};
/* End PBXProject section */

/* Begin PBXResourcesBuildPhase section */
		4D6A4A6124CC1CC000A87ADB /* Resources */ = {
			isa = PBXResourcesBuildPhase;
			buildActionMask = 2147483647;
			files = (
				4D6A4A7624CC1CC200A87ADB /* LaunchScreen.storyboard in Resources */,
				4D6A4A7324CC1CC200A87ADB /* Assets.xcassets in Resources */,
				4D6A4A6E24CC1CC000A87ADB /* Main.storyboard in Resources */,
			);
			runOnlyForDeploymentPostprocessing = 0;
		};
/* End PBXResourcesBuildPhase section */

/* Begin PBXSourcesBuildPhase section */
		4D6A4A5F24CC1CC000A87ADB /* Sources */ = {
			isa = PBXSourcesBuildPhase;
			buildActionMask = 2147483647;
			files = (
				4D1405C024CEEBF700444DA6 /* FinishGoalVC.swift in Sources */,
				4D1405BE24CEDEA300444DA6 /* UIButtonExt.swift in Sources */,
				4D6A4A6B24CC1CC000A87ADB /* GoalsVC.swift in Sources */,
				4D6A4A6724CC1CC000A87ADB /* AppDelegate.swift in Sources */,
				4D6A4A8524CC485600A87ADB /* GoalType.swift in Sources */,
				4D6A4A7124CC1CC100A87ADB /* GoalPost.xcdatamodeld in Sources */,
				4D3FC0F424CD8883009B631D /* CreateGoalVC.swift in Sources */,
				4D6A4A8324CC2EB300A87ADB /* GoalCell.swift in Sources */,
				4D6A4A6924CC1CC000A87ADB /* SceneDelegate.swift in Sources */,
			);
			runOnlyForDeploymentPostprocessing = 0;
		};
/* End PBXSourcesBuildPhase section */

/* Begin PBXVariantGroup section */
		4D6A4A6C24CC1CC000A87ADB /* Main.storyboard */ = {
			isa = PBXVariantGroup;
			children = (
				4D6A4A6D24CC1CC000A87ADB /* Base */,
			);
			name = Main.storyboard;
			sourceTree = "<group>";
		};
		4D6A4A7424CC1CC200A87ADB /* LaunchScreen.storyboard */ = {
			isa = PBXVariantGroup;
			children = (
				4D6A4A7524CC1CC200A87ADB /* Base */,
			);
			name = LaunchScreen.storyboard;
			sourceTree = "<group>";
		};
/* End PBXVariantGroup section */

/* Begin XCBuildConfiguration section */
		4D6A4A7824CC1CC200A87ADB /* Debug */ = {
			isa = XCBuildConfiguration;
			buildSettings = {
				ALWAYS_SEARCH_USER_PATHS = NO;
				CLANG_ANALYZER_NONNULL = YES;
				CLANG_ANALYZER_NUMBER_OBJECT_CONVERSION = YES_AGGRESSIVE;
				CLANG_CXX_LANGUAGE_STANDARD = "gnu++14";
				CLANG_CXX_LIBRARY = "libc++";
				CLANG_ENABLE_MODULES = YES;
				CLANG_ENABLE_OBJC_ARC = YES;
				CLANG_ENABLE_OBJC_WEAK = YES;
				CLANG_WARN_BLOCK_CAPTURE_AUTORELEASING = YES;
				CLANG_WARN_BOOL_CONVERSION = YES;
				CLANG_WARN_COMMA = YES;
				CLANG_WARN_CONSTANT_CONVERSION = YES;
				CLANG_WARN_DEPRECATED_OBJC_IMPLEMENTATIONS = YES;
				CLANG_WARN_DIRECT_OBJC_ISA_USAGE = YES_ERROR;
				CLANG_WARN_DOCUMENTATION_COMMENTS = YES;
				CLANG_WARN_EMPTY_BODY = YES;
				CLANG_WARN_ENUM_CONVERSION = YES;
				CLANG_WARN_INFINITE_RECURSION = YES;
				CLANG_WARN_INT_CONVERSION = YES;
				CLANG_WARN_NON_LITERAL_NULL_CONVERSION = YES;
				CLANG_WARN_OBJC_IMPLICIT_RETAIN_SELF = YES;
				CLANG_WARN_OBJC_LITERAL_CONVERSION = YES;
				CLANG_WARN_OBJC_ROOT_CLASS = YES_ERROR;
				CLANG_WARN_QUOTED_INCLUDE_IN_FRAMEWORK_HEADER = YES;
				CLANG_WARN_RANGE_LOOP_ANALYSIS = YES;
				CLANG_WARN_STRICT_PROTOTYPES = YES;
				CLANG_WARN_SUSPICIOUS_MOVE = YES;
				CLANG_WARN_UNGUARDED_AVAILABILITY = YES_AGGRESSIVE;
				CLANG_WARN_UNREACHABLE_CODE = YES;
				CLANG_WARN__DUPLICATE_METHOD_MATCH = YES;
				COPY_PHASE_STRIP = NO;
				DEBUG_INFORMATION_FORMAT = dwarf;
				ENABLE_STRICT_OBJC_MSGSEND = YES;
				ENABLE_TESTABILITY = YES;
				GCC_C_LANGUAGE_STANDARD = gnu11;
				GCC_DYNAMIC_NO_PIC = NO;
				GCC_NO_COMMON_BLOCKS = YES;
				GCC_OPTIMIZATION_LEVEL = 0;
				GCC_PREPROCESSOR_DEFINITIONS = (
					"DEBUG=1",
					"$(inherited)",
				);
				GCC_WARN_64_TO_32_BIT_CONVERSION = YES;
				GCC_WARN_ABOUT_RETURN_TYPE = YES_ERROR;
				GCC_WARN_UNDECLARED_SELECTOR = YES;
				GCC_WARN_UNINITIALIZED_AUTOS = YES_AGGRESSIVE;
				GCC_WARN_UNUSED_FUNCTION = YES;
				GCC_WARN_UNUSED_VARIABLE = YES;
				IPHONEOS_DEPLOYMENT_TARGET = 14.0;
				MTL_ENABLE_DEBUG_INFO = INCLUDE_SOURCE;
				MTL_FAST_MATH = YES;
				ONLY_ACTIVE_ARCH = YES;
				SDKROOT = iphoneos;
				SWIFT_ACTIVE_COMPILATION_CONDITIONS = DEBUG;
				SWIFT_OPTIMIZATION_LEVEL = "-Onone";
			};
			name = Debug;
		};
		4D6A4A7924CC1CC200A87ADB /* Release */ = {
			isa = XCBuildConfiguration;
			buildSettings = {
				ALWAYS_SEARCH_USER_PATHS = NO;
				CLANG_ANALYZER_NONNULL = YES;
				CLANG_ANALYZER_NUMBER_OBJECT_CONVERSION = YES_AGGRESSIVE;
				CLANG_CXX_LANGUAGE_STANDARD = "gnu++14";
				CLANG_CXX_LIBRARY = "libc++";
				CLANG_ENABLE_MODULES = YES;
				CLANG_ENABLE_OBJC_ARC = YES;
				CLANG_ENABLE_OBJC_WEAK = YES;
				CLANG_WARN_BLOCK_CAPTURE_AUTORELEASING = YES;
				CLANG_WARN_BOOL_CONVERSION = YES;
				CLANG_WARN_COMMA = YES;
				CLANG_WARN_CONSTANT_CONVERSION = YES;
				CLANG_WARN_DEPRECATED_OBJC_IMPLEMENTATIONS = YES;
				CLANG_WARN_DIRECT_OBJC_ISA_USAGE = YES_ERROR;
				CLANG_WARN_DOCUMENTATION_COMMENTS = YES;
				CLANG_WARN_EMPTY_BODY = YES;
				CLANG_WARN_ENUM_CONVERSION = YES;
				CLANG_WARN_INFINITE_RECURSION = YES;
				CLANG_WARN_INT_CONVERSION = YES;
				CLANG_WARN_NON_LITERAL_NULL_CONVERSION = YES;
				CLANG_WARN_OBJC_IMPLICIT_RETAIN_SELF = YES;
				CLANG_WARN_OBJC_LITERAL_CONVERSION = YES;
				CLANG_WARN_OBJC_ROOT_CLASS = YES_ERROR;
				CLANG_WARN_QUOTED_INCLUDE_IN_FRAMEWORK_HEADER = YES;
				CLANG_WARN_RANGE_LOOP_ANALYSIS = YES;
				CLANG_WARN_STRICT_PROTOTYPES = YES;
				CLANG_WARN_SUSPICIOUS_MOVE = YES;
				CLANG_WARN_UNGUARDED_AVAILABILITY = YES_AGGRESSIVE;
				CLANG_WARN_UNREACHABLE_CODE = YES;
				CLANG_WARN__DUPLICATE_METHOD_MATCH = YES;
				COPY_PHASE_STRIP = NO;
				DEBUG_INFORMATION_FORMAT = "dwarf-with-dsym";
				ENABLE_NS_ASSERTIONS = NO;
				ENABLE_STRICT_OBJC_MSGSEND = YES;
				GCC_C_LANGUAGE_STANDARD = gnu11;
				GCC_NO_COMMON_BLOCKS = YES;
				GCC_WARN_64_TO_32_BIT_CONVERSION = YES;
				GCC_WARN_ABOUT_RETURN_TYPE = YES_ERROR;
				GCC_WARN_UNDECLARED_SELECTOR = YES;
				GCC_WARN_UNINITIALIZED_AUTOS = YES_AGGRESSIVE;
				GCC_WARN_UNUSED_FUNCTION = YES;
				GCC_WARN_UNUSED_VARIABLE = YES;
				IPHONEOS_DEPLOYMENT_TARGET = 14.0;
				MTL_ENABLE_DEBUG_INFO = NO;
				MTL_FAST_MATH = YES;
				SDKROOT = iphoneos;
				SWIFT_COMPILATION_MODE = wholemodule;
				SWIFT_OPTIMIZATION_LEVEL = "-O";
				VALIDATE_PRODUCT = YES;
			};
			name = Release;
		};
		4D6A4A7B24CC1CC200A87ADB /* Debug */ = {
			isa = XCBuildConfiguration;
			buildSettings = {
				ASSETCATALOG_COMPILER_APPICON_NAME = AppIcon;
				ASSETCATALOG_COMPILER_GLOBAL_ACCENT_COLOR_NAME = AccentColor;
				CODE_SIGN_ENTITLEMENTS = GoalPost/GoalPost.entitlements;
				CODE_SIGN_STYLE = Automatic;
				DEVELOPMENT_TEAM = 2SP9RY5F98;
				INFOPLIST_FILE = GoalPost/Info.plist;
				IPHONEOS_DEPLOYMENT_TARGET = 13.5;
				LD_RUNPATH_SEARCH_PATHS = (
					"$(inherited)",
					"@executable_path/Frameworks",
				);
				PRODUCT_BUNDLE_IDENTIFIER = com.social.GoalPost;
				PRODUCT_NAME = "$(TARGET_NAME)";
				SUPPORTS_MACCATALYST = YES;
				SWIFT_VERSION = 5.0;
				TARGETED_DEVICE_FAMILY = "1,2";
			};
			name = Debug;
		};
		4D6A4A7C24CC1CC200A87ADB /* Release */ = {
			isa = XCBuildConfiguration;
			buildSettings = {
				ASSETCATALOG_COMPILER_APPICON_NAME = AppIcon;
				ASSETCATALOG_COMPILER_GLOBAL_ACCENT_COLOR_NAME = AccentColor;
				CODE_SIGN_ENTITLEMENTS = GoalPost/GoalPost.entitlements;
				CODE_SIGN_STYLE = Automatic;
				DEVELOPMENT_TEAM = 2SP9RY5F98;
				INFOPLIST_FILE = GoalPost/Info.plist;
				IPHONEOS_DEPLOYMENT_TARGET = 13.5;
				LD_RUNPATH_SEARCH_PATHS = (
					"$(inherited)",
					"@executable_path/Frameworks",
				);
				PRODUCT_BUNDLE_IDENTIFIER = com.social.GoalPost;
				PRODUCT_NAME = "$(TARGET_NAME)";
				SUPPORTS_MACCATALYST = YES;
				SWIFT_VERSION = 5.0;
				TARGETED_DEVICE_FAMILY = "1,2";
			};
			name = Release;
		};
/* End XCBuildConfiguration section */

/* Begin XCConfigurationList section */
		4D6A4A5E24CC1CC000A87ADB /* Build configuration list for PBXProject "GoalPost" */ = {
			isa = XCConfigurationList;
			buildConfigurations = (
				4D6A4A7824CC1CC200A87ADB /* Debug */,
				4D6A4A7924CC1CC200A87ADB /* Release */,
			);
			defaultConfigurationIsVisible = 0;
			defaultConfigurationName = Release;
		};
		4D6A4A7A24CC1CC200A87ADB /* Build configuration list for PBXNativeTarget "GoalPost" */ = {
			isa = XCConfigurationList;
			buildConfigurations = (
				4D6A4A7B24CC1CC200A87ADB /* Debug */,
				4D6A4A7C24CC1CC200A87ADB /* Release */,
			);
			defaultConfigurationIsVisible = 0;
			defaultConfigurationName = Release;
		};
/* End XCConfigurationList section */

/* Begin XCVersionGroup section */
		4D6A4A6F24CC1CC100A87ADB /* GoalPost.xcdatamodeld */ = {
			isa = XCVersionGroup;
			children = (
				4D6A4A7024CC1CC100A87ADB /* GoalPost.xcdatamodel */,
			);
			currentVersion = 4D6A4A7024CC1CC100A87ADB /* GoalPost.xcdatamodel */;
			path = GoalPost.xcdatamodeld;
			sourceTree = "<group>";
			versionGroupType = wrapper.xcdatamodel;
		};
/* End XCVersionGroup section */
	};
	rootObject = 4D6A4A5B24CC1CC000A87ADB /* Project object */;
}
